// !$*UTF8*$!
{
	archiveVersion = 1;
	classes = {
	};
	objectVersion = 56;
	objects = {

/* Begin PBXBuildFile section */
		5022A11E2914FDC200DC64AD /* AppDelegate.swift in Sources */ = {isa = PBXBuildFile; fileRef = 5022A11D2914FDC200DC64AD /* AppDelegate.swift */; };
		5022A1222914FDC200DC64AD /* MainTableViewController.swift in Sources */ = {isa = PBXBuildFile; fileRef = 5022A1212914FDC200DC64AD /* MainTableViewController.swift */; };
		5022A1272914FDC400DC64AD /* Assets.xcassets in Resources */ = {isa = PBXBuildFile; fileRef = 5022A1262914FDC400DC64AD /* Assets.xcassets */; };
		5022A12A2914FDC400DC64AD /* LaunchScreen.storyboard in Resources */ = {isa = PBXBuildFile; fileRef = 5022A1282914FDC400DC64AD /* LaunchScreen.storyboard */; };
		5022A138291504B200DC64AD /* Resources.swift in Sources */ = {isa = PBXBuildFile; fileRef = 5022A137291504B200DC64AD /* Resources.swift */; };
		5022A13B291507DC00DC64AD /* MainTableViewCell.swift in Sources */ = {isa = PBXBuildFile; fileRef = 5022A13A291507DC00DC64AD /* MainTableViewCell.swift */; };
		5022A13F2915099E00DC64AD /* UIView + Extensions.swift in Sources */ = {isa = PBXBuildFile; fileRef = 5022A13E2915099E00DC64AD /* UIView + Extensions.swift */; };
		5022A1432915141300DC64AD /* EditingTableViewController.swift in Sources */ = {isa = PBXBuildFile; fileRef = 5022A1422915141300DC64AD /* EditingTableViewController.swift */; };
/* End PBXBuildFile section */

/* Begin PBXFileReference section */
		5022A11A2914FDC200DC64AD /* TestTask.app */ = {isa = PBXFileReference; explicitFileType = wrapper.application; includeInIndex = 0; path = TestTask.app; sourceTree = BUILT_PRODUCTS_DIR; };
		5022A11D2914FDC200DC64AD /* AppDelegate.swift */ = {isa = PBXFileReference; lastKnownFileType = sourcecode.swift; path = AppDelegate.swift; sourceTree = "<group>"; };
		5022A1212914FDC200DC64AD /* MainTableViewController.swift */ = {isa = PBXFileReference; lastKnownFileType = sourcecode.swift; path = MainTableViewController.swift; sourceTree = "<group>"; };
		5022A1262914FDC400DC64AD /* Assets.xcassets */ = {isa = PBXFileReference; lastKnownFileType = folder.assetcatalog; path = Assets.xcassets; sourceTree = "<group>"; };
		5022A1292914FDC400DC64AD /* Base */ = {isa = PBXFileReference; lastKnownFileType = file.storyboard; name = Base; path = Base.lproj/LaunchScreen.storyboard; sourceTree = "<group>"; };
		5022A12B2914FDC400DC64AD /* Info.plist */ = {isa = PBXFileReference; lastKnownFileType = text.plist.xml; path = Info.plist; sourceTree = "<group>"; };
		5022A137291504B200DC64AD /* Resources.swift */ = {isa = PBXFileReference; lastKnownFileType = sourcecode.swift; path = Resources.swift; sourceTree = "<group>"; };
		5022A13A291507DC00DC64AD /* MainTableViewCell.swift */ = {isa = PBXFileReference; lastKnownFileType = sourcecode.swift; path = MainTableViewCell.swift; sourceTree = "<group>"; };
		5022A13E2915099E00DC64AD /* UIView + Extensions.swift */ = {isa = PBXFileReference; lastKnownFileType = sourcecode.swift; path = "UIView + Extensions.swift"; sourceTree = "<group>"; };
		5022A1422915141300DC64AD /* EditingTableViewController.swift */ = {isa = PBXFileReference; lastKnownFileType = sourcecode.swift; path = EditingTableViewController.swift; sourceTree = "<group>"; };
/* End PBXFileReference section */

/* Begin PBXFrameworksBuildPhase section */
		5022A1172914FDC200DC64AD /* Frameworks */ = {
			isa = PBXFrameworksBuildPhase;
			buildActionMask = 2147483647;
			files = (
			);
			runOnlyForDeploymentPostprocessing = 0;
		};
/* End PBXFrameworksBuildPhase section */

/* Begin PBXGroup section */
		5022A1112914FDC200DC64AD = {
			isa = PBXGroup;
			children = (
				5022A11C2914FDC200DC64AD /* TexTask */,
				5022A11B2914FDC200DC64AD /* Products */,
			);
			sourceTree = "<group>";
		};
		5022A11B2914FDC200DC64AD /* Products */ = {
			isa = PBXGroup;
			children = (
				5022A11A2914FDC200DC64AD /* TestTask.app */,
			);
			name = Products;
			sourceTree = "<group>";
		};
		5022A11C2914FDC200DC64AD /* TexTask */ = {
			isa = PBXGroup;
			children = (
				5022A1312915000B00DC64AD /* Application */,
				5022A1332915009000DC64AD /* MainModule */,
				5022A140291513C600DC64AD /* EditingModule */,
				5022A1362915049800DC64AD /* Resources */,
				5022A13C2915097700DC64AD /* Extensions */,
				5022A1322915001900DC64AD /* SupportingFiles */,
			);
			path = TexTask;
			sourceTree = "<group>";
		};
		5022A1312915000B00DC64AD /* Application */ = {
			isa = PBXGroup;
			children = (
				5022A11D2914FDC200DC64AD /* AppDelegate.swift */,
			);
			path = Application;
			sourceTree = "<group>";
		};
		5022A1322915001900DC64AD /* SupportingFiles */ = {
			isa = PBXGroup;
			children = (
				5022A1262914FDC400DC64AD /* Assets.xcassets */,
				5022A1282914FDC400DC64AD /* LaunchScreen.storyboard */,
				5022A12B2914FDC400DC64AD /* Info.plist */,
			);
			path = SupportingFiles;
			sourceTree = "<group>";
		};
		5022A1332915009000DC64AD /* MainModule */ = {
			isa = PBXGroup;
			children = (
				5022A139291507C900DC64AD /* Views */,
				5022A135291500A900DC64AD /* Controllers */,
			);
			path = MainModule;
			sourceTree = "<group>";
		};
		5022A135291500A900DC64AD /* Controllers */ = {
			isa = PBXGroup;
			children = (
				5022A1212914FDC200DC64AD /* MainTableViewController.swift */,
			);
			path = Controllers;
			sourceTree = "<group>";
		};
		5022A1362915049800DC64AD /* Resources */ = {
			isa = PBXGroup;
			children = (
				5022A137291504B200DC64AD /* Resources.swift */,
			);
			path = Resources;
			sourceTree = "<group>";
		};
		5022A139291507C900DC64AD /* Views */ = {
			isa = PBXGroup;
			children = (
				5022A13A291507DC00DC64AD /* MainTableViewCell.swift */,
			);
			path = Views;
			sourceTree = "<group>";
		};
		5022A13C2915097700DC64AD /* Extensions */ = {
			isa = PBXGroup;
			children = (
				5022A13D2915098200DC64AD /* UIKit */,
			);
			path = Extensions;
			sourceTree = "<group>";
		};
		5022A13D2915098200DC64AD /* UIKit */ = {
			isa = PBXGroup;
			children = (
				5022A13E2915099E00DC64AD /* UIView + Extensions.swift */,
			);
			path = UIKit;
			sourceTree = "<group>";
		};
		5022A140291513C600DC64AD /* EditingModule */ = {
			isa = PBXGroup;
			children = (
				5022A141291513F100DC64AD /* Controllers */,
			);
			path = EditingModule;
			sourceTree = "<group>";
		};
		5022A141291513F100DC64AD /* Controllers */ = {
			isa = PBXGroup;
			children = (
				5022A1422915141300DC64AD /* EditingTableViewController.swift */,
			);
			path = Controllers;
			sourceTree = "<group>";
		};
/* End PBXGroup section */

/* Begin PBXNativeTarget section */
		5022A1192914FDC200DC64AD /* TestTask */ = {
			isa = PBXNativeTarget;
			buildConfigurationList = 5022A12E2914FDC400DC64AD /* Build configuration list for PBXNativeTarget "TestTask" */;
			buildPhases = (
				5022A1162914FDC200DC64AD /* Sources */,
				5022A1172914FDC200DC64AD /* Frameworks */,
				5022A1182914FDC200DC64AD /* Resources */,
			);
			buildRules = (
			);
			dependencies = (
			);
			name = TestTask;
			productName = TexTask;
			productReference = 5022A11A2914FDC200DC64AD /* TestTask.app */;
			productType = "com.apple.product-type.application";
		};
/* End PBXNativeTarget section */

/* Begin PBXProject section */
		5022A1122914FDC200DC64AD /* Project object */ = {
			isa = PBXProject;
			attributes = {
				BuildIndependentTargetsInParallel = 1;
				LastSwiftUpdateCheck = 1400;
				LastUpgradeCheck = 1400;
				TargetAttributes = {
					5022A1192914FDC200DC64AD = {
						CreatedOnToolsVersion = 14.0.1;
					};
				};
			};
			buildConfigurationList = 5022A1152914FDC200DC64AD /* Build configuration list for PBXProject "TestTask" */;
			compatibilityVersion = "Xcode 14.0";
			developmentRegion = en;
			hasScannedForEncodings = 0;
			knownRegions = (
				en,
				Base,
			);
			mainGroup = 5022A1112914FDC200DC64AD;
			productRefGroup = 5022A11B2914FDC200DC64AD /* Products */;
			projectDirPath = "";
			projectRoot = "";
			targets = (
				5022A1192914FDC200DC64AD /* TestTask */,
			);
		};
/* End PBXProject section */

/* Begin PBXResourcesBuildPhase section */
		5022A1182914FDC200DC64AD /* Resources */ = {
			isa = PBXResourcesBuildPhase;
			buildActionMask = 2147483647;
			files = (
				5022A12A2914FDC400DC64AD /* LaunchScreen.storyboard in Resources */,
				5022A1272914FDC400DC64AD /* Assets.xcassets in Resources */,
			);
			runOnlyForDeploymentPostprocessing = 0;
		};
/* End PBXResourcesBuildPhase section */

/* Begin PBXSourcesBuildPhase section */
		5022A1162914FDC200DC64AD /* Sources */ = {
			isa = PBXSourcesBuildPhase;
			buildActionMask = 2147483647;
			files = (
				5022A13F2915099E00DC64AD /* UIView + Extensions.swift in Sources */,
				5022A138291504B200DC64AD /* Resources.swift in Sources */,
				5022A1432915141300DC64AD /* EditingTableViewController.swift in Sources */,
				5022A1222914FDC200DC64AD /* MainTableViewController.swift in Sources */,
				5022A13B291507DC00DC64AD /* MainTableViewCell.swift in Sources */,
				5022A11E2914FDC200DC64AD /* AppDelegate.swift in Sources */,
			);
			runOnlyForDeploymentPostprocessing = 0;
		};
/* End PBXSourcesBuildPhase section */

/* Begin PBXVariantGroup section */
		5022A1282914FDC400DC64AD /* LaunchScreen.storyboard */ = {
			isa = PBXVariantGroup;
			children = (
				5022A1292914FDC400DC64AD /* Base */,
			);
			name = LaunchScreen.storyboard;
			sourceTree = "<group>";
		};
/* End PBXVariantGroup section */

/* Begin XCBuildConfiguration section */
		5022A12C2914FDC400DC64AD /* Debug */ = {
			isa = XCBuildConfiguration;
			buildSettings = {
				ALWAYS_SEARCH_USER_PATHS = NO;
				CLANG_ANALYZER_NONNULL = YES;
				CLANG_ANALYZER_NUMBER_OBJECT_CONVERSION = YES_AGGRESSIVE;
				CLANG_CXX_LANGUAGE_STANDARD = "gnu++20";
				CLANG_ENABLE_MODULES = YES;
				CLANG_ENABLE_OBJC_ARC = YES;
				CLANG_ENABLE_OBJC_WEAK = YES;
				CLANG_WARN_BLOCK_CAPTURE_AUTORELEASING = YES;
				CLANG_WARN_BOOL_CONVERSION = YES;
				CLANG_WARN_COMMA = YES;
				CLANG_WARN_CONSTANT_CONVERSION = YES;
				CLANG_WARN_DEPRECATED_OBJC_IMPLEMENTATIONS = YES;
				CLANG_WARN_DIRECT_OBJC_ISA_USAGE = YES_ERROR;
				CLANG_WARN_DOCUMENTATION_COMMENTS = YES;
				CLANG_WARN_EMPTY_BODY = YES;
				CLANG_WARN_ENUM_CONVERSION = YES;
				CLANG_WARN_INFINITE_RECURSION = YES;
				CLANG_WARN_INT_CONVERSION = YES;
				CLANG_WARN_NON_LITERAL_NULL_CONVERSION = YES;
				CLANG_WARN_OBJC_IMPLICIT_RETAIN_SELF = YES;
				CLANG_WARN_OBJC_LITERAL_CONVERSION = YES;
				CLANG_WARN_OBJC_ROOT_CLASS = YES_ERROR;
				CLANG_WARN_QUOTED_INCLUDE_IN_FRAMEWORK_HEADER = YES;
				CLANG_WARN_RANGE_LOOP_ANALYSIS = YES;
				CLANG_WARN_STRICT_PROTOTYPES = YES;
				CLANG_WARN_SUSPICIOUS_MOVE = YES;
				CLANG_WARN_UNGUARDED_AVAILABILITY = YES_AGGRESSIVE;
				CLANG_WARN_UNREACHABLE_CODE = YES;
				CLANG_WARN__DUPLICATE_METHOD_MATCH = YES;
				COPY_PHASE_STRIP = NO;
				DEBUG_INFORMATION_FORMAT = dwarf;
				ENABLE_STRICT_OBJC_MSGSEND = YES;
				ENABLE_TESTABILITY = YES;
				GCC_C_LANGUAGE_STANDARD = gnu11;
				GCC_DYNAMIC_NO_PIC = NO;
				GCC_NO_COMMON_BLOCKS = YES;
				GCC_OPTIMIZATION_LEVEL = 0;
				GCC_PREPROCESSOR_DEFINITIONS = (
					"DEBUG=1",
					"$(inherited)",
				);
				GCC_WARN_64_TO_32_BIT_CONVERSION = YES;
				GCC_WARN_ABOUT_RETURN_TYPE = YES_ERROR;
				GCC_WARN_UNDECLARED_SELECTOR = YES;
				GCC_WARN_UNINITIALIZED_AUTOS = YES_AGGRESSIVE;
				GCC_WARN_UNUSED_FUNCTION = YES;
				GCC_WARN_UNUSED_VARIABLE = YES;
				IPHONEOS_DEPLOYMENT_TARGET = 12.0;
				MTL_ENABLE_DEBUG_INFO = INCLUDE_SOURCE;
				MTL_FAST_MATH = YES;
				ONLY_ACTIVE_ARCH = YES;
				SDKROOT = iphoneos;
				SWIFT_ACTIVE_COMPILATION_CONDITIONS = DEBUG;
				SWIFT_OPTIMIZATION_LEVEL = "-Onone";
			};
			name = Debug;
		};
		5022A12D2914FDC400DC64AD /* Release */ = {
			isa = XCBuildConfiguration;
			buildSettings = {
				ALWAYS_SEARCH_USER_PATHS = NO;
				CLANG_ANALYZER_NONNULL = YES;
				CLANG_ANALYZER_NUMBER_OBJECT_CONVERSION = YES_AGGRESSIVE;
				CLANG_CXX_LANGUAGE_STANDARD = "gnu++20";
				CLANG_ENABLE_MODULES = YES;
				CLANG_ENABLE_OBJC_ARC = YES;
				CLANG_ENABLE_OBJC_WEAK = YES;
				CLANG_WARN_BLOCK_CAPTURE_AUTORELEASING = YES;
				CLANG_WARN_BOOL_CONVERSION = YES;
				CLANG_WARN_COMMA = YES;
				CLANG_WARN_CONSTANT_CONVERSION = YES;
				CLANG_WARN_DEPRECATED_OBJC_IMPLEMENTATIONS = YES;
				CLANG_WARN_DIRECT_OBJC_ISA_USAGE = YES_ERROR;
				CLANG_WARN_DOCUMENTATION_COMMENTS = YES;
				CLANG_WARN_EMPTY_BODY = YES;
				CLANG_WARN_ENUM_CONVERSION = YES;
				CLANG_WARN_INFINITE_RECURSION = YES;
				CLANG_WARN_INT_CONVERSION = YES;
				CLANG_WARN_NON_LITERAL_NULL_CONVERSION = YES;
				CLANG_WARN_OBJC_IMPLICIT_RETAIN_SELF = YES;
				CLANG_WARN_OBJC_LITERAL_CONVERSION = YES;
				CLANG_WARN_OBJC_ROOT_CLASS = YES_ERROR;
				CLANG_WARN_QUOTED_INCLUDE_IN_FRAMEWORK_HEADER = YES;
				CLANG_WARN_RANGE_LOOP_ANALYSIS = YES;
				CLANG_WARN_STRICT_PROTOTYPES = YES;
				CLANG_WARN_SUSPICIOUS_MOVE = YES;
				CLANG_WARN_UNGUARDED_AVAILABILITY = YES_AGGRESSIVE;
				CLANG_WARN_UNREACHABLE_CODE = YES;
				CLANG_WARN__DUPLICATE_METHOD_MATCH = YES;
				COPY_PHASE_STRIP = NO;
				DEBUG_INFORMATION_FORMAT = "dwarf-with-dsym";
				ENABLE_NS_ASSERTIONS = NO;
				ENABLE_STRICT_OBJC_MSGSEND = YES;
				GCC_C_LANGUAGE_STANDARD = gnu11;
				GCC_NO_COMMON_BLOCKS = YES;
				GCC_WARN_64_TO_32_BIT_CONVERSION = YES;
				GCC_WARN_ABOUT_RETURN_TYPE = YES_ERROR;
				GCC_WARN_UNDECLARED_SELECTOR = YES;
				GCC_WARN_UNINITIALIZED_AUTOS = YES_AGGRESSIVE;
				GCC_WARN_UNUSED_FUNCTION = YES;
				GCC_WARN_UNUSED_VARIABLE = YES;
				IPHONEOS_DEPLOYMENT_TARGET = 12.0;
				MTL_ENABLE_DEBUG_INFO = NO;
				MTL_FAST_MATH = YES;
				SDKROOT = iphoneos;
				SWIFT_COMPILATION_MODE = wholemodule;
				SWIFT_OPTIMIZATION_LEVEL = "-O";
				VALIDATE_PRODUCT = YES;
			};
			name = Release;
		};
		5022A12F2914FDC400DC64AD /* Debug */ = {
			isa = XCBuildConfiguration;
			buildSettings = {
				ASSETCATALOG_COMPILER_APPICON_NAME = AppIcon;
				ASSETCATALOG_COMPILER_GLOBAL_ACCENT_COLOR_NAME = AccentColor;
				CODE_SIGN_STYLE = Automatic;
				CURRENT_PROJECT_VERSION = 1;
				DEVELOPMENT_TEAM = 8TS7WLVSBU;
				GENERATE_INFOPLIST_FILE = YES;
				INFOPLIST_FILE = TexTask/SupportingFiles/Info.plist;
				INFOPLIST_KEY_UIApplicationSupportsIndirectInputEvents = YES;
				INFOPLIST_KEY_UILaunchStoryboardName = LaunchScreen;
				INFOPLIST_KEY_UISupportedInterfaceOrientations = UIInterfaceOrientationPortrait;
				INFOPLIST_KEY_UISupportedInterfaceOrientations_iPad = "UIInterfaceOrientationLandscapeLeft UIInterfaceOrientationLandscapeRight UIInterfaceOrientationPortrait UIInterfaceOrientationPortraitUpsideDown";
				IPHONEOS_DEPLOYMENT_TARGET = 12.0;
				LD_RUNPATH_SEARCH_PATHS = (
					"$(inherited)",
					"@executable_path/Frameworks",
				);
				MARKETING_VERSION = 1.0;
				PRODUCT_BUNDLE_IDENTIFIER = "Sergei-Smirnov.TexTask";
				PRODUCT_NAME = "$(TARGET_NAME)";
				SUPPORTED_PLATFORMS = "iphoneos iphonesimulator";
				SUPPORTS_MACCATALYST = NO;
				SUPPORTS_MAC_DESIGNED_FOR_IPHONE_IPAD = NO;
				SWIFT_EMIT_LOC_STRINGS = YES;
				SWIFT_VERSION = 5.0;
				TARGETED_DEVICE_FAMILY = 1;
			};
			name = Debug;
		};
		5022A1302914FDC400DC64AD /* Release */ = {
			isa = XCBuildConfiguration;
			buildSettings = {
				ASSETCATALOG_COMPILER_APPICON_NAME = AppIcon;
				ASSETCATALOG_COMPILER_GLOBAL_ACCENT_COLOR_NAME = AccentColor;
				CODE_SIGN_STYLE = Automatic;
				CURRENT_PROJECT_VERSION = 1;
				DEVELOPMENT_TEAM = 8TS7WLVSBU;
				GENERATE_INFOPLIST_FILE = YES;
				INFOPLIST_FILE = TexTask/SupportingFiles/Info.plist;
				INFOPLIST_KEY_UIApplicationSupportsIndirectInputEvents = YES;
				INFOPLIST_KEY_UILaunchStoryboardName = LaunchScreen;
				INFOPLIST_KEY_UISupportedInterfaceOrientations = UIInterfaceOrientationPortrait;
				INFOPLIST_KEY_UISupportedInterfaceOrientations_iPad = "UIInterfaceOrientationLandscapeLeft UIInterfaceOrientationLandscapeRight UIInterfaceOrientationPortrait UIInterfaceOrientationPortraitUpsideDown";
				IPHONEOS_DEPLOYMENT_TARGET = 12.0;
				LD_RUNPATH_SEARCH_PATHS = (
					"$(inherited)",
					"@executable_path/Frameworks",
				);
				MARKETING_VERSION = 1.0;
				PRODUCT_BUNDLE_IDENTIFIER = "Sergei-Smirnov.TexTask";
				PRODUCT_NAME = "$(TARGET_NAME)";
				SUPPORTED_PLATFORMS = "iphoneos iphonesimulator";
				SUPPORTS_MACCATALYST = NO;
				SUPPORTS_MAC_DESIGNED_FOR_IPHONE_IPAD = NO;
				SWIFT_EMIT_LOC_STRINGS = YES;
				SWIFT_VERSION = 5.0;
				TARGETED_DEVICE_FAMILY = 1;
			};
			name = Release;
		};
/* End XCBuildConfiguration section */

/* Begin XCConfigurationList section */
		5022A1152914FDC200DC64AD /* Build configuration list for PBXProject "TestTask" */ = {
			isa = XCConfigurationList;
			buildConfigurations = (
				5022A12C2914FDC400DC64AD /* Debug */,
				5022A12D2914FDC400DC64AD /* Release */,
			);
			defaultConfigurationIsVisible = 0;
			defaultConfigurationName = Release;
		};
		5022A12E2914FDC400DC64AD /* Build configuration list for PBXNativeTarget "TestTask" */ = {
			isa = XCConfigurationList;
			buildConfigurations = (
				5022A12F2914FDC400DC64AD /* Debug */,
				5022A1302914FDC400DC64AD /* Release */,
			);
			defaultConfigurationIsVisible = 0;
			defaultConfigurationName = Release;
		};
/* End XCConfigurationList section */
	};
	rootObject = 5022A1122914FDC200DC64AD /* Project object */;
}
